<?xml version="1.0" encoding="utf-8"?>
<Project ToolsVersion="4.0" xmlns="http://schemas.microsoft.com/developer/msbuild/2003">
  <ItemGroup>
    <Filter Include="Source Files">
      <UniqueIdentifier>{4FC737F1-C7A5-4376-A066-2A32D752A2FF}</UniqueIdentifier>
      <Extensions>cpp;c;cc;cxx;def;odl;idl;hpj;bat;asm;asmx</Extensions>
    </Filter>
    <Filter Include="Header Files">
      <UniqueIdentifier>{93995380-89BD-4b04-88EB-625FBE52EBFB}</UniqueIdentifier>
      <Extensions>h;hpp;hxx;hm;inl;inc;xsd</Extensions>
    </Filter>
    <Filter Include="Resource Files">
      <UniqueIdentifier>{67DA6AB6-F800-4c08-8B7A-83BB121AAD01}</UniqueIdentifier>
      <Extensions>rc;ico;cur;bmp;dlg;rc2;rct;bin;rgs;gif;jpg;jpeg;jpe;resx;tiff;tif;png;wav;mfcribbon-ms</Extensions>
    </Filter>
    <Filter Include="Source Files\Classic">
      <UniqueIdentifier>{3c749fcb-2ab6-4964-a040-f173eed1ec1d}</UniqueIdentifier>
    </Filter>
    <Filter Include="Source Files\Classic\VF_RaidStats">
      <UniqueIdentifier>{d92add04-3367-4a87-9e41-ae05219906b2}</UniqueIdentifier>
    </Filter>
    <Filter Include="Source Files\Classic\VF_RealmPlayers">
      <UniqueIdentifier>{c595d25b-3a93-47b3-bf22-5970f0c824d5}</UniqueIdentifier>
    </Filter>
    <Filter Include="Source Files\TBC">
      <UniqueIdentifier>{3d4e7a57-4c8a-4178-a00b-3d785fc08fa0}</UniqueIdentifier>
    </Filter>
    <Filter Include="Source Files\TBC\VF_RaidStats">
      <UniqueIdentifier>{a872d78b-97f1-4f08-b5aa-5d64149c527b}</UniqueIdentifier>
    </Filter>
    <Filter Include="Source Files\TBC\VF_RealmPlayers">
      <UniqueIdentifier>{10b1dfd4-ace0-428c-8dca-0a86766ff413}</UniqueIdentifier>
    </Filter>
    <Filter Include="Source Files\TBC\SavedVariables">
      <UniqueIdentifier>{fdb1e714-76fd-46a1-9bfd-8636f27200eb}</UniqueIdentifier>
    </Filter>
    <Filter Include="Resource Files\CopyToWowDir">
      <UniqueIdentifier>{25922177-5c0f-450a-bc1a-1eae1abc0614}</UniqueIdentifier>
    </Filter>
    <Filter Include="Resource Files\Tests">
      <UniqueIdentifier>{4957fb5e-2e10-4543-ad43-70bfb1826e0a}</UniqueIdentifier>
    </Filter>
    <Filter Include="Source Files\Classic\VF_BGStats">
      <UniqueIdentifier>{f45dd2ac-354b-4784-b664-f2be4d3f9192}</UniqueIdentifier>
    </Filter>
    <Filter Include="Source Files\Classic\SavedVariables">
      <UniqueIdentifier>{9518b0d6-c494-4d2e-b2e7-9bee38081c4e}</UniqueIdentifier>
    </Filter>
  </ItemGroup>
  <ItemGroup>
    <None Include="..\Classic\VF_RaidDamage\VF_RaidDamage.lua">
      <Filter>Source Files\Classic\VF_RaidStats</Filter>
    </None>
    <None Include="..\Classic\VF_RaidDamage\VF_RaidDamage.toc">
      <Filter>Source Files\Classic\VF_RaidStats</Filter>
    </None>
    <None Include="..\Classic\VF_RealmPlayers\VF_RealmPlayers.lua">
      <Filter>Source Files\Classic\VF_RealmPlayers</Filter>
    </None>
    <None Include="..\Classic\VF_RealmPlayers\VF_RealmPlayers.toc">
      <Filter>Source Files\Classic\VF_RealmPlayers</Filter>
    </None>
    <None Include="..\TBC\VF_RaidStatsTBC\VF_RaidStatsTBC.toc">
      <Filter>Source Files\TBC\VF_RaidStats</Filter>
    </None>
    <None Include="..\TBC\VF_RaidStatsTBC\VF_RaidStatsTBC.lua">
      <Filter>Source Files\TBC\VF_RaidStats</Filter>
    </None>
    <None Include="..\TBC\VF_RealmPlayersTBC\VF_RealmPlayersTBC.lua">
      <Filter>Source Files\TBC\VF_RealmPlayers</Filter>
    </None>
    <None Include="..\TBC\VF_RealmPlayersTBC\VF_RealmPlayersTBC.toc">
      <Filter>Source Files\TBC\VF_RealmPlayers</Filter>
    </None>
    <None Include="CopyToWowDir.bat">
      <Filter>Resource Files\CopyToWowDir</Filter>
    </None>
    <None Include="tests.luatests">
      <Filter>Resource Files\Tests</Filter>
    </None>
    <None Include="LuaCheckAll.bat">
      <Filter>Resource Files</Filter>
    </None>
    <None Include="LuaCheckRaidStats.bat">
      <Filter>Resource Files</Filter>
    </None>
    <None Include="LuaCheckRaidStatsTBC.bat">
      <Filter>Resource Files</Filter>
    </None>
    <None Include="LuaCheckRealmPlayers.bat">
      <Filter>Resource Files</Filter>
    </None>
    <None Include="LuaCheckRealmPlayersTBC.bat">
      <Filter>Resource Files</Filter>
    </None>
    <None Include="VariousNotes.lua">
      <Filter>Resource Files\Tests</Filter>
    </None>
    <None Include="..\..\..\Program Files (x86)\World Of Warcraft TBC\WTF\Account\BASICSTAMP\SavedVariables\VF_RaidStatsTBC.lua">
      <Filter>Source Files\TBC\SavedVariables</Filter>
    </None>
    <None Include="..\..\..\Program Files (x86)\World Of Warcraft TBC\WTF\Account\BASICSTAMP\SavedVariables\VF_RealmPlayersTBC.lua">
      <Filter>Source Files\TBC\SavedVariables</Filter>
    </None>
    <None Include="..\..\..\Program Files (x86)\World Of Warcraft TBC\WTF\Account\NEHEROMAR\SavedVariables\VF_RaidStatsTBC.lua">
      <Filter>Source Files\TBC\SavedVariables</Filter>
    </None>
    <None Include="..\Classic\VF_BGStats\VF_BGStats.lua">
      <Filter>Source Files\Classic\VF_BGStats</Filter>
    </None>
    <None Include="..\Classic\VF_BGStats\VF_BGStats.toc">
      <Filter>Source Files\Classic\VF_BGStats</Filter>
    </None>
    <None Include="LuaCheckBGStats.bat">
      <Filter>Resource Files</Filter>
    </None>
    <None Include="..\..\..\Program Files (x86)\World Of Warcraft Classic\WTF\Account\DILATAZU\SavedVariables\VF_BGStats.lua">
      <Filter>Source Files\Classic\SavedVariables</Filter>
    </None>
  </ItemGroup>
  <ItemGroup>
    <Xml Include="..\Classic\VF_RaidDamage\VF_RaidDamage.xml">
      <Filter>Source Files\Classic\VF_RaidStats</Filter>
    </Xml>
    <Xml Include="..\Classic\VF_RealmPlayers\VF_RealmPlayers.xml">
      <Filter>Source Files\Classic\VF_RealmPlayers</Filter>
    </Xml>
    <Xml Include="..\TBC\VF_RaidStatsTBC\VF_RaidStatsTBC.xml">
      <Filter>Source Files\TBC\VF_RaidStats</Filter>
    </Xml>
    <Xml Include="..\TBC\VF_RealmPlayersTBC\VF_RealmPlayersTBC.xml">
      <Filter>Source Files\TBC\VF_RealmPlayers</Filter>
    </Xml>
    <Xml Include="..\Classic\VF_BGStats\VF_BGStats.xml">
      <Filter>Source Files\Classic\VF_BGStats</Filter>
    </Xml>
  </ItemGroup>
  <ItemGroup>
    <ClCompile Include="main.cpp">
      <Filter>Resource Files</Filter>
    </ClCompile>
  </ItemGroup>
</Project>